// !$*UTF8*$!
{
	archiveVersion = 1;
	classes = {
	};
	objectVersion = 46;
	objects = {

/* Begin PBXBuildFile section */
		0CD9E42B6B19924FA25F9EAB /* Pods_ReactiveCocoaDemo.framework in Frameworks */ = {isa = PBXBuildFile; fileRef = 63192CC96C0C41F4FF749C5C /* Pods_ReactiveCocoaDemo.framework */; };
		1D4B88131D6C80A7005046D4 /* AppDelegate.swift in Sources */ = {isa = PBXBuildFile; fileRef = 1D4B88121D6C80A7005046D4 /* AppDelegate.swift */; };
		1D4B881A1D6C80A7005046D4 /* Assets.xcassets in Resources */ = {isa = PBXBuildFile; fileRef = 1D4B88191D6C80A7005046D4 /* Assets.xcassets */; };
		1D4B881D1D6C80A7005046D4 /* LaunchScreen.storyboard in Resources */ = {isa = PBXBuildFile; fileRef = 1D4B881B1D6C80A7005046D4 /* LaunchScreen.storyboard */; };
		1D7896941D6C828B00FDB2B1 /* MainFlowController.swift in Sources */ = {isa = PBXBuildFile; fileRef = 1D7896931D6C828B00FDB2B1 /* MainFlowController.swift */; };
		1D7896961D6C82FB00FDB2B1 /* MainViewController.swift in Sources */ = {isa = PBXBuildFile; fileRef = 1D7896951D6C82FB00FDB2B1 /* MainViewController.swift */; };
		1D7896981D6C844500FDB2B1 /* MainViewModel.swift in Sources */ = {isa = PBXBuildFile; fileRef = 1D7896971D6C844500FDB2B1 /* MainViewModel.swift */; };
		1D78969A1D6C869700FDB2B1 /* MenuItem.swift in Sources */ = {isa = PBXBuildFile; fileRef = 1D7896991D6C869700FDB2B1 /* MenuItem.swift */; };
		1D78969C1D6C88C300FDB2B1 /* MenuItemTableViewCell.swift in Sources */ = {isa = PBXBuildFile; fileRef = 1D78969B1D6C88C300FDB2B1 /* MenuItemTableViewCell.swift */; };
		1D78969F1D6C8D6000FDB2B1 /* FormViewController.swift in Sources */ = {isa = PBXBuildFile; fileRef = 1D78969E1D6C8D6000FDB2B1 /* FormViewController.swift */; };
		1D7896A11D6C8D6500FDB2B1 /* FormViewModel.swift in Sources */ = {isa = PBXBuildFile; fileRef = 1D7896A01D6C8D6500FDB2B1 /* FormViewModel.swift */; };
		1D7896A31D6C8E9C00FDB2B1 /* User.swift in Sources */ = {isa = PBXBuildFile; fileRef = 1D7896A21D6C8E9C00FDB2B1 /* User.swift */; };
		1D7896A51D6C92BA00FDB2B1 /* FormFieldView.swift in Sources */ = {isa = PBXBuildFile; fileRef = 1D7896A41D6C92BA00FDB2B1 /* FormFieldView.swift */; };
		1D7896A71D6C92DD00FDB2B1 /* FormFieldViewModel.swift in Sources */ = {isa = PBXBuildFile; fileRef = 1D7896A61D6C92DD00FDB2B1 /* FormFieldViewModel.swift */; };
		1D9A1BA41D6CE8B3006D0124 /* LoaderViewController.swift in Sources */ = {isa = PBXBuildFile; fileRef = 1D9A1BA31D6CE8B3006D0124 /* LoaderViewController.swift */; };
		1D9A1BA61D6CE8BA006D0124 /* LoaderViewModel.swift in Sources */ = {isa = PBXBuildFile; fileRef = 1D9A1BA51D6CE8BA006D0124 /* LoaderViewModel.swift */; };
		1D9A1BA81D6CED4C006D0124 /* StatusIndicator.swift in Sources */ = {isa = PBXBuildFile; fileRef = 1D9A1BA71D6CED4C006D0124 /* StatusIndicator.swift */; };
		1DEA96A11D6CB88E00E42A77 /* UserDataPresenter.swift in Sources */ = {isa = PBXBuildFile; fileRef = 1DEA96A01D6CB88E00E42A77 /* UserDataPresenter.swift */; };
		1DEA96A31D6CC46F00E42A77 /* FormSwitchFieldView.swift in Sources */ = {isa = PBXBuildFile; fileRef = 1DEA96A21D6CC46F00E42A77 /* FormSwitchFieldView.swift */; };
		1DEA96A51D6CD21D00E42A77 /* UIColor+CustomColors.swift in Sources */ = {isa = PBXBuildFile; fileRef = 1DEA96A41D6CD21D00E42A77 /* UIColor+CustomColors.swift */; };
/* End PBXBuildFile section */

/* Begin PBXFileReference section */
		1D4B880F1D6C80A7005046D4 /* ReactiveCocoaDemo.app */ = {isa = PBXFileReference; explicitFileType = wrapper.application; includeInIndex = 0; path = ReactiveCocoaDemo.app; sourceTree = BUILT_PRODUCTS_DIR; };
		1D4B88121D6C80A7005046D4 /* AppDelegate.swift */ = {isa = PBXFileReference; lastKnownFileType = sourcecode.swift; path = AppDelegate.swift; sourceTree = "<group>"; };
		1D4B88191D6C80A7005046D4 /* Assets.xcassets */ = {isa = PBXFileReference; lastKnownFileType = folder.assetcatalog; path = Assets.xcassets; sourceTree = "<group>"; };
		1D4B881C1D6C80A7005046D4 /* Base */ = {isa = PBXFileReference; lastKnownFileType = file.storyboard; name = Base; path = Base.lproj/LaunchScreen.storyboard; sourceTree = "<group>"; };
		1D4B881E1D6C80A7005046D4 /* Info.plist */ = {isa = PBXFileReference; lastKnownFileType = text.plist.xml; path = Info.plist; sourceTree = "<group>"; };
		1D7896931D6C828B00FDB2B1 /* MainFlowController.swift */ = {isa = PBXFileReference; fileEncoding = 4; lastKnownFileType = sourcecode.swift; path = MainFlowController.swift; sourceTree = "<group>"; };
		1D7896951D6C82FB00FDB2B1 /* MainViewController.swift */ = {isa = PBXFileReference; fileEncoding = 4; lastKnownFileType = sourcecode.swift; path = MainViewController.swift; sourceTree = "<group>"; };
		1D7896971D6C844500FDB2B1 /* MainViewModel.swift */ = {isa = PBXFileReference; fileEncoding = 4; lastKnownFileType = sourcecode.swift; path = MainViewModel.swift; sourceTree = "<group>"; };
		1D7896991D6C869700FDB2B1 /* MenuItem.swift */ = {isa = PBXFileReference; fileEncoding = 4; lastKnownFileType = sourcecode.swift; path = MenuItem.swift; sourceTree = "<group>"; };
		1D78969B1D6C88C300FDB2B1 /* MenuItemTableViewCell.swift */ = {isa = PBXFileReference; fileEncoding = 4; lastKnownFileType = sourcecode.swift; path = MenuItemTableViewCell.swift; sourceTree = "<group>"; };
		1D78969E1D6C8D6000FDB2B1 /* FormViewController.swift */ = {isa = PBXFileReference; fileEncoding = 4; lastKnownFileType = sourcecode.swift; path = FormViewController.swift; sourceTree = "<group>"; };
		1D7896A01D6C8D6500FDB2B1 /* FormViewModel.swift */ = {isa = PBXFileReference; fileEncoding = 4; lastKnownFileType = sourcecode.swift; path = FormViewModel.swift; sourceTree = "<group>"; };
		1D7896A21D6C8E9C00FDB2B1 /* User.swift */ = {isa = PBXFileReference; fileEncoding = 4; lastKnownFileType = sourcecode.swift; path = User.swift; sourceTree = "<group>"; };
		1D7896A41D6C92BA00FDB2B1 /* FormFieldView.swift */ = {isa = PBXFileReference; fileEncoding = 4; lastKnownFileType = sourcecode.swift; path = FormFieldView.swift; sourceTree = "<group>"; };
		1D7896A61D6C92DD00FDB2B1 /* FormFieldViewModel.swift */ = {isa = PBXFileReference; fileEncoding = 4; lastKnownFileType = sourcecode.swift; path = FormFieldViewModel.swift; sourceTree = "<group>"; };
		1D9A1BA31D6CE8B3006D0124 /* LoaderViewController.swift */ = {isa = PBXFileReference; fileEncoding = 4; lastKnownFileType = sourcecode.swift; path = LoaderViewController.swift; sourceTree = "<group>"; };
		1D9A1BA51D6CE8BA006D0124 /* LoaderViewModel.swift */ = {isa = PBXFileReference; fileEncoding = 4; lastKnownFileType = sourcecode.swift; path = LoaderViewModel.swift; sourceTree = "<group>"; };
		1D9A1BA71D6CED4C006D0124 /* StatusIndicator.swift */ = {isa = PBXFileReference; fileEncoding = 4; lastKnownFileType = sourcecode.swift; path = StatusIndicator.swift; sourceTree = "<group>"; };
		1DEA96A01D6CB88E00E42A77 /* UserDataPresenter.swift */ = {isa = PBXFileReference; fileEncoding = 4; lastKnownFileType = sourcecode.swift; path = UserDataPresenter.swift; sourceTree = "<group>"; };
		1DEA96A21D6CC46F00E42A77 /* FormSwitchFieldView.swift */ = {isa = PBXFileReference; fileEncoding = 4; lastKnownFileType = sourcecode.swift; path = FormSwitchFieldView.swift; sourceTree = "<group>"; };
		1DEA96A41D6CD21D00E42A77 /* UIColor+CustomColors.swift */ = {isa = PBXFileReference; fileEncoding = 4; lastKnownFileType = sourcecode.swift; path = "UIColor+CustomColors.swift"; sourceTree = "<group>"; };
		63192CC96C0C41F4FF749C5C /* Pods_ReactiveCocoaDemo.framework */ = {isa = PBXFileReference; explicitFileType = wrapper.framework; includeInIndex = 0; path = Pods_ReactiveCocoaDemo.framework; sourceTree = BUILT_PRODUCTS_DIR; };
		9CBDD22C89C45B9D51CC2363 /* Pods-ReactiveCocoaDemo.debug.xcconfig */ = {isa = PBXFileReference; includeInIndex = 1; lastKnownFileType = text.xcconfig; name = "Pods-ReactiveCocoaDemo.debug.xcconfig"; path = "Pods/Target Support Files/Pods-ReactiveCocoaDemo/Pods-ReactiveCocoaDemo.debug.xcconfig"; sourceTree = "<group>"; };
		B7AD2EC5334B3B734B8DB10E /* Pods-ReactiveCocoaDemo.release.xcconfig */ = {isa = PBXFileReference; includeInIndex = 1; lastKnownFileType = text.xcconfig; name = "Pods-ReactiveCocoaDemo.release.xcconfig"; path = "Pods/Target Support Files/Pods-ReactiveCocoaDemo/Pods-ReactiveCocoaDemo.release.xcconfig"; sourceTree = "<group>"; };
/* End PBXFileReference section */

/* Begin PBXFrameworksBuildPhase section */
		1D4B880C1D6C80A7005046D4 /* Frameworks */ = {
			isa = PBXFrameworksBuildPhase;
			buildActionMask = 2147483647;
			files = (
				0CD9E42B6B19924FA25F9EAB /* Pods_ReactiveCocoaDemo.framework in Frameworks */,
			);
			runOnlyForDeploymentPostprocessing = 0;
		};
/* End PBXFrameworksBuildPhase section */

/* Begin PBXGroup section */
		10DA6A10178F1B5A5DE501A6 /* Pods */ = {
			isa = PBXGroup;
			children = (
				9CBDD22C89C45B9D51CC2363 /* Pods-ReactiveCocoaDemo.debug.xcconfig */,
				B7AD2EC5334B3B734B8DB10E /* Pods-ReactiveCocoaDemo.release.xcconfig */,
			);
			name = Pods;
			sourceTree = "<group>";
		};
		1D4B88061D6C80A7005046D4 = {
			isa = PBXGroup;
			children = (
				1D4B88111D6C80A7005046D4 /* ReactiveCocoaDemo */,
				1D4B88101D6C80A7005046D4 /* Products */,
				10DA6A10178F1B5A5DE501A6 /* Pods */,
				2B5735AAA0E4784A5EDD1A41 /* Frameworks */,
			);
			sourceTree = "<group>";
		};
		1D4B88101D6C80A7005046D4 /* Products */ = {
			isa = PBXGroup;
			children = (
				1D4B880F1D6C80A7005046D4 /* ReactiveCocoaDemo.app */,
			);
			name = Products;
			sourceTree = "<group>";
		};
		1D4B88111D6C80A7005046D4 /* ReactiveCocoaDemo */ = {
			isa = PBXGroup;
			children = (
				1DD642DA1D6CE5AC00DE9F66 /* LoaderViewController */,
				1D78969D1D6C8CB500FDB2B1 /* FormViewController */,
				1D7896921D6C827C00FDB2B1 /* MainViewController */,
				1D4B88121D6C80A7005046D4 /* AppDelegate.swift */,
				1D7896931D6C828B00FDB2B1 /* MainFlowController.swift */,
				1DEA96A41D6CD21D00E42A77 /* UIColor+CustomColors.swift */,
				1D4B88191D6C80A7005046D4 /* Assets.xcassets */,
				1D4B881B1D6C80A7005046D4 /* LaunchScreen.storyboard */,
				1D4B881E1D6C80A7005046D4 /* Info.plist */,
			);
			path = ReactiveCocoaDemo;
			sourceTree = "<group>";
		};
		1D7896921D6C827C00FDB2B1 /* MainViewController */ = {
			isa = PBXGroup;
			children = (
				1D7896951D6C82FB00FDB2B1 /* MainViewController.swift */,
				1D7896971D6C844500FDB2B1 /* MainViewModel.swift */,
				1D78969B1D6C88C300FDB2B1 /* MenuItemTableViewCell.swift */,
				1D7896991D6C869700FDB2B1 /* MenuItem.swift */,
			);
			path = MainViewController;
			sourceTree = "<group>";
		};
		1D78969D1D6C8CB500FDB2B1 /* FormViewController */ = {
			isa = PBXGroup;
			children = (
				1D78969E1D6C8D6000FDB2B1 /* FormViewController.swift */,
				1DEA96A21D6CC46F00E42A77 /* FormSwitchFieldView.swift */,
				1D7896A41D6C92BA00FDB2B1 /* FormFieldView.swift */,
				1D7896A01D6C8D6500FDB2B1 /* FormViewModel.swift */,
				1D7896A21D6C8E9C00FDB2B1 /* User.swift */,
				1D7896A61D6C92DD00FDB2B1 /* FormFieldViewModel.swift */,
				1DEA96A01D6CB88E00E42A77 /* UserDataPresenter.swift */,
			);
			path = FormViewController;
			sourceTree = "<group>";
		};
		1DD642DA1D6CE5AC00DE9F66 /* LoaderViewController */ = {
			isa = PBXGroup;
			children = (
				1D9A1BA31D6CE8B3006D0124 /* LoaderViewController.swift */,
				1D9A1BA71D6CED4C006D0124 /* StatusIndicator.swift */,
				1D9A1BA51D6CE8BA006D0124 /* LoaderViewModel.swift */,
			);
			path = LoaderViewController;
			sourceTree = "<group>";
		};
		2B5735AAA0E4784A5EDD1A41 /* Frameworks */ = {
			isa = PBXGroup;
			children = (
				63192CC96C0C41F4FF749C5C /* Pods_ReactiveCocoaDemo.framework */,
			);
			name = Frameworks;
			sourceTree = "<group>";
		};
/* End PBXGroup section */

/* Begin PBXNativeTarget section */
		1D4B880E1D6C80A7005046D4 /* ReactiveCocoaDemo */ = {
			isa = PBXNativeTarget;
			buildConfigurationList = 1D4B88211D6C80A7005046D4 /* Build configuration list for PBXNativeTarget "ReactiveCocoaDemo" */;
			buildPhases = (
				28331C67EB3BA4DDAD287FAF /* [CP] Check Pods Manifest.lock */,
				1D4B880B1D6C80A7005046D4 /* Sources */,
				1D4B880C1D6C80A7005046D4 /* Frameworks */,
				1D4B880D1D6C80A7005046D4 /* Resources */,
				5311A36E07BD60D806713A59 /* [CP] Embed Pods Frameworks */,
				5DF8F87F7D7102A53FE82D9A /* [CP] Copy Pods Resources */,
			);
			buildRules = (
			);
			dependencies = (
			);
			name = ReactiveCocoaDemo;
			productName = ReactiveCocoaDemo;
			productReference = 1D4B880F1D6C80A7005046D4 /* ReactiveCocoaDemo.app */;
			productType = "com.apple.product-type.application";
		};
/* End PBXNativeTarget section */

/* Begin PBXProject section */
		1D4B88071D6C80A7005046D4 /* Project object */ = {
			isa = PBXProject;
			attributes = {
				LastSwiftUpdateCheck = 0730;
				LastUpgradeCheck = 0730;
				ORGANIZATIONNAME = "Eliasz Sawicki";
				TargetAttributes = {
					1D4B880E1D6C80A7005046D4 = {
						CreatedOnToolsVersion = 7.3;
						LastSwiftMigration = 0820;
					};
				};
			};
			buildConfigurationList = 1D4B880A1D6C80A7005046D4 /* Build configuration list for PBXProject "ReactiveCocoaDemo" */;
			compatibilityVersion = "Xcode 3.2";
			developmentRegion = English;
			hasScannedForEncodings = 0;
			knownRegions = (
				en,
				Base,
			);
			mainGroup = 1D4B88061D6C80A7005046D4;
			productRefGroup = 1D4B88101D6C80A7005046D4 /* Products */;
			projectDirPath = "";
			projectRoot = "";
			targets = (
				1D4B880E1D6C80A7005046D4 /* ReactiveCocoaDemo */,
			);
		};
/* End PBXProject section */

/* Begin PBXResourcesBuildPhase section */
		1D4B880D1D6C80A7005046D4 /* Resources */ = {
			isa = PBXResourcesBuildPhase;
			buildActionMask = 2147483647;
			files = (
				1D4B881D1D6C80A7005046D4 /* LaunchScreen.storyboard in Resources */,
				1D4B881A1D6C80A7005046D4 /* Assets.xcassets in Resources */,
			);
			runOnlyForDeploymentPostprocessing = 0;
		};
/* End PBXResourcesBuildPhase section */

/* Begin PBXShellScriptBuildPhase section */
		28331C67EB3BA4DDAD287FAF /* [CP] Check Pods Manifest.lock */ = {
			isa = PBXShellScriptBuildPhase;
			buildActionMask = 2147483647;
			files = (
			);
			inputPaths = (
			);
			name = "[CP] Check Pods Manifest.lock";
			outputPaths = (
			);
			runOnlyForDeploymentPostprocessing = 0;
			shellPath = /bin/sh;
			shellScript = "diff \"${PODS_PODFILE_DIR_PATH}/Podfile.lock\" \"${PODS_ROOT}/Manifest.lock\" > /dev/null\nif [ $? != 0 ] ; then\n    # print error to STDERR\n    echo \"error: The sandbox is not in sync with the Podfile.lock. Run 'pod install' or update your CocoaPods installation.\" >&2\n    exit 1\nfi\n";
			showEnvVarsInLog = 0;
		};
		5311A36E07BD60D806713A59 /* [CP] Embed Pods Frameworks */ = {
			isa = PBXShellScriptBuildPhase;
			buildActionMask = 2147483647;
			files = (
			);
			inputPaths = (
			);
			name = "[CP] Embed Pods Frameworks";
			outputPaths = (
			);
			runOnlyForDeploymentPostprocessing = 0;
			shellPath = /bin/sh;
			shellScript = "\"${SRCROOT}/Pods/Target Support Files/Pods-ReactiveCocoaDemo/Pods-ReactiveCocoaDemo-frameworks.sh\"\n";
			showEnvVarsInLog = 0;
		};
		5DF8F87F7D7102A53FE82D9A /* [CP] Copy Pods Resources */ = {
			isa = PBXShellScriptBuildPhase;
			buildActionMask = 2147483647;
			files = (
			);
			inputPaths = (
			);
			name = "[CP] Copy Pods Resources";
			outputPaths = (
			);
			runOnlyForDeploymentPostprocessing = 0;
			shellPath = /bin/sh;
			shellScript = "\"${SRCROOT}/Pods/Target Support Files/Pods-ReactiveCocoaDemo/Pods-ReactiveCocoaDemo-resources.sh\"\n";
			showEnvVarsInLog = 0;
		};
/* End PBXShellScriptBuildPhase section */

/* Begin PBXSourcesBuildPhase section */
		1D4B880B1D6C80A7005046D4 /* Sources */ = {
			isa = PBXSourcesBuildPhase;
			buildActionMask = 2147483647;
			files = (
				1D7896961D6C82FB00FDB2B1 /* MainViewController.swift in Sources */,
				1DEA96A51D6CD21D00E42A77 /* UIColor+CustomColors.swift in Sources */,
				1D7896941D6C828B00FDB2B1 /* MainFlowController.swift in Sources */,
				1D9A1BA61D6CE8BA006D0124 /* LoaderViewModel.swift in Sources */,
				1D7896A71D6C92DD00FDB2B1 /* FormFieldViewModel.swift in Sources */,
				1D78969F1D6C8D6000FDB2B1 /* FormViewController.swift in Sources */,
				1DEA96A31D6CC46F00E42A77 /* FormSwitchFieldView.swift in Sources */,
				1D7896A51D6C92BA00FDB2B1 /* FormFieldView.swift in Sources */,
				1D4B88131D6C80A7005046D4 /* AppDelegate.swift in Sources */,
				1D78969C1D6C88C300FDB2B1 /* MenuItemTableViewCell.swift in Sources */,
				1D9A1BA81D6CED4C006D0124 /* StatusIndicator.swift in Sources */,
				1D7896A31D6C8E9C00FDB2B1 /* User.swift in Sources */,
				1D9A1BA41D6CE8B3006D0124 /* LoaderViewController.swift in Sources */,
				1D7896981D6C844500FDB2B1 /* MainViewModel.swift in Sources */,
				1D7896A11D6C8D6500FDB2B1 /* FormViewModel.swift in Sources */,
				1D78969A1D6C869700FDB2B1 /* MenuItem.swift in Sources */,
				1DEA96A11D6CB88E00E42A77 /* UserDataPresenter.swift in Sources */,
			);
			runOnlyForDeploymentPostprocessing = 0;
		};
/* End PBXSourcesBuildPhase section */

/* Begin PBXVariantGroup section */
		1D4B881B1D6C80A7005046D4 /* LaunchScreen.storyboard */ = {
			isa = PBXVariantGroup;
			children = (
				1D4B881C1D6C80A7005046D4 /* Base */,
			);
			name = LaunchScreen.storyboard;
			sourceTree = "<group>";
		};
/* End PBXVariantGroup section */

/* Begin XCBuildConfiguration section */
		1D4B881F1D6C80A7005046D4 /* Debug */ = {
			isa = XCBuildConfiguration;
			buildSettings = {
				ALWAYS_SEARCH_USER_PATHS = NO;
				CLANG_ANALYZER_NONNULL = YES;
				CLANG_CXX_LANGUAGE_STANDARD = "gnu++0x";
				CLANG_CXX_LIBRARY = "libc++";
				CLANG_ENABLE_MODULES = YES;
				CLANG_ENABLE_OBJC_ARC = YES;
				CLANG_WARN_BOOL_CONVERSION = YES;
				CLANG_WARN_CONSTANT_CONVERSION = YES;
				CLANG_WARN_DIRECT_OBJC_ISA_USAGE = YES_ERROR;
				CLANG_WARN_EMPTY_BODY = YES;
				CLANG_WARN_ENUM_CONVERSION = YES;
				CLANG_WARN_INT_CONVERSION = YES;
				CLANG_WARN_OBJC_ROOT_CLASS = YES_ERROR;
				CLANG_WARN_UNREACHABLE_CODE = YES;
				CLANG_WARN__DUPLICATE_METHOD_MATCH = YES;
				"CODE_SIGN_IDENTITY[sdk=iphoneos*]" = "iPhone Developer";
				COPY_PHASE_STRIP = NO;
				DEBUG_INFORMATION_FORMAT = dwarf;
				ENABLE_STRICT_OBJC_MSGSEND = YES;
				ENABLE_TESTABILITY = YES;
				GCC_C_LANGUAGE_STANDARD = gnu99;
				GCC_DYNAMIC_NO_PIC = NO;
				GCC_NO_COMMON_BLOCKS = YES;
				GCC_OPTIMIZATION_LEVEL = 0;
				GCC_PREPROCESSOR_DEFINITIONS = (
					"DEBUG=1",
					"$(inherited)",
				);
				GCC_WARN_64_TO_32_BIT_CONVERSION = YES;
				GCC_WARN_ABOUT_RETURN_TYPE = YES_ERROR;
				GCC_WARN_UNDECLARED_SELECTOR = YES;
				GCC_WARN_UNINITIALIZED_AUTOS = YES_AGGRESSIVE;
				GCC_WARN_UNUSED_FUNCTION = YES;
				GCC_WARN_UNUSED_VARIABLE = YES;
				IPHONEOS_DEPLOYMENT_TARGET = 9.3;
				MTL_ENABLE_DEBUG_INFO = YES;
				ONLY_ACTIVE_ARCH = YES;
				SDKROOT = iphoneos;
				SWIFT_OPTIMIZATION_LEVEL = "-Onone";
			};
			name = Debug;
		};
		1D4B88201D6C80A7005046D4 /* Release */ = {
			isa = XCBuildConfiguration;
			buildSettings = {
				ALWAYS_SEARCH_USER_PATHS = NO;
				CLANG_ANALYZER_NONNULL = YES;
				CLANG_CXX_LANGUAGE_STANDARD = "gnu++0x";
				CLANG_CXX_LIBRARY = "libc++";
				CLANG_ENABLE_MODULES = YES;
				CLANG_ENABLE_OBJC_ARC = YES;
				CLANG_WARN_BOOL_CONVERSION = YES;
				CLANG_WARN_CONSTANT_CONVERSION = YES;
				CLANG_WARN_DIRECT_OBJC_ISA_USAGE = YES_ERROR;
				CLANG_WARN_EMPTY_BODY = YES;
				CLANG_WARN_ENUM_CONVERSION = YES;
				CLANG_WARN_INT_CONVERSION = YES;
				CLANG_WARN_OBJC_ROOT_CLASS = YES_ERROR;
				CLANG_WARN_UNREACHABLE_CODE = YES;
				CLANG_WARN__DUPLICATE_METHOD_MATCH = YES;
				"CODE_SIGN_IDENTITY[sdk=iphoneos*]" = "iPhone Developer";
				COPY_PHASE_STRIP = NO;
				DEBUG_INFORMATION_FORMAT = "dwarf-with-dsym";
				ENABLE_NS_ASSERTIONS = NO;
				ENABLE_STRICT_OBJC_MSGSEND = YES;
				GCC_C_LANGUAGE_STANDARD = gnu99;
				GCC_NO_COMMON_BLOCKS = YES;
				GCC_WARN_64_TO_32_BIT_CONVERSION = YES;
				GCC_WARN_ABOUT_RETURN_TYPE = YES_ERROR;
				GCC_WARN_UNDECLARED_SELECTOR = YES;
				GCC_WARN_UNINITIALIZED_AUTOS = YES_AGGRESSIVE;
				GCC_WARN_UNUSED_FUNCTION = YES;
				GCC_WARN_UNUSED_VARIABLE = YES;
				IPHONEOS_DEPLOYMENT_TARGET = 9.3;
				MTL_ENABLE_DEBUG_INFO = NO;
				SDKROOT = iphoneos;
				VALIDATE_PRODUCT = YES;
			};
			name = Release;
		};
		1D4B88221D6C80A7005046D4 /* Debug */ = {
			isa = XCBuildConfiguration;
			baseConfigurationReference = 9CBDD22C89C45B9D51CC2363 /* Pods-ReactiveCocoaDemo.debug.xcconfig */;
			buildSettings = {
				ASSETCATALOG_COMPILER_APPICON_NAME = AppIcon;
				INFOPLIST_FILE = ReactiveCocoaDemo/Info.plist;
				LD_RUNPATH_SEARCH_PATHS = "$(inherited) @executable_path/Frameworks";
				PRODUCT_BUNDLE_IDENTIFIER = sawpro.ReactiveCocoaDemo;
				PRODUCT_NAME = "$(TARGET_NAME)";
				SWIFT_VERSION = 3.0;
			};
			name = Debug;
		};
		1D4B88231D6C80A7005046D4 /* Release */ = {
			isa = XCBuildConfiguration;
			baseConfigurationReference = B7AD2EC5334B3B734B8DB10E /* Pods-ReactiveCocoaDemo.release.xcconfig */;
			buildSettings = {
				ASSETCATALOG_COMPILER_APPICON_NAME = AppIcon;
				INFOPLIST_FILE = ReactiveCocoaDemo/Info.plist;
				LD_RUNPATH_SEARCH_PATHS = "$(inherited) @executable_path/Frameworks";
				PRODUCT_BUNDLE_IDENTIFIER = sawpro.ReactiveCocoaDemo;
				PRODUCT_NAME = "$(TARGET_NAME)";
				SWIFT_VERSION = 3.0;
			};
			name = Release;
		};
/* End XCBuildConfiguration section */

/* Begin XCConfigurationList section */
		1D4B880A1D6C80A7005046D4 /* Build configuration list for PBXProject "ReactiveCocoaDemo" */ = {
			isa = XCConfigurationList;
			buildConfigurations = (
				1D4B881F1D6C80A7005046D4 /* Debug */,
				1D4B88201D6C80A7005046D4 /* Release */,
			);
			defaultConfigurationIsVisible = 0;
			defaultConfigurationName = Release;
		};
		1D4B88211D6C80A7005046D4 /* Build configuration list for PBXNativeTarget "ReactiveCocoaDemo" */ = {
			isa = XCConfigurationList;
			buildConfigurations = (
				1D4B88221D6C80A7005046D4 /* Debug */,
				1D4B88231D6C80A7005046D4 /* Release */,
			);
			defaultConfigurationIsVisible = 0;
			defaultConfigurationName = Release;
		};
/* End XCConfigurationList section */
	};
	rootObject = 1D4B88071D6C80A7005046D4 /* Project object */;
}
